
Microsoft Visual Studio Solution File, Format Version 12.00
# Visual Studio Version 16
VisualStudioVersion = 16.0.30128.74
MinimumVisualStudioVersion = 10.0.40219.1
Project("{FAE04EC0-301F-11D3-BF4B-00C04F79EFBC}") = "Model", "Model\Model.csproj", "{9E160D01-F111-4B2D-AC3D-6E9423B8CB6C}"
EndProject
Project("{FAE04EC0-301F-11D3-BF4B-00C04F79EFBC}") = "View", "View\View.csproj", "{5341BE8B-08DC-492F-A4B4-6D83F821263E}"
EndProject
Project("{FAE04EC0-301F-11D3-BF4B-00C04F79EFBC}") = "Controller", "Controller\Controller.csproj", "{15E00134-50DF-4CF5-98B8-4C149DA97173}"
EndProject
Global
	GlobalSection(SolutionConfigurationPlatforms) = preSolution
		Debug|Any CPU = Debug|Any CPU
		Release|Any CPU = Release|Any CPU
	EndGlobalSection
	GlobalSection(ProjectConfigurationPlatforms) = postSolution
		{9E160D01-F111-4B2D-AC3D-6E9423B8CB6C}.Debug|Any CPU.ActiveCfg = Debug|Any CPU
		{9E160D01-F111-4B2D-AC3D-6E9423B8CB6C}.Debug|Any CPU.Build.0 = Debug|Any CPU
		{9E160D01-F111-4B2D-AC3D-6E9423B8CB6C}.Release|Any CPU.ActiveCfg = Release|Any CPU
		{9E160D01-F111-4B2D-AC3D-6E9423B8CB6C}.Release|Any CPU.Build.0 = Release|Any CPU
		{5341BE8B-08DC-492F-A4B4-6D83F821263E}.Debug|Any CPU.ActiveCfg = Debug|Any CPU
		{5341BE8B-08DC-492F-A4B4-6D83F821263E}.Debug|Any CPU.Build.0 = Debug|Any CPU
		{5341BE8B-08DC-492F-A4B4-6D83F821263E}.Release|Any CPU.ActiveCfg = Release|Any CPU
		{5341BE8B-08DC-492F-A4B4-6D83F821263E}.Release|Any CPU.Build.0 = Release|Any CPU
		{15E00134-50DF-4CF5-98B8-4C149DA97173}.Debug|Any CPU.ActiveCfg = Debug|Any CPU
		{15E00134-50DF-4CF5-98B8-4C149DA97173}.Debug|Any CPU.Build.0 = Debug|Any CPU
		{15E00134-50DF-4CF5-98B8-4C149DA97173}.Release|Any CPU.ActiveCfg = Release|Any CPU
		{15E00134-50DF-4CF5-98B8-4C149DA97173}.Release|Any CPU.Build.0 = Release|Any CPU
	EndGlobalSection
	GlobalSection(SolutionProperties) = preSolution
		HideSolutionNode = FALSE
	EndGlobalSection
	GlobalSection(ExtensibilityGlobals) = postSolution
		SolutionGuid = {4D036850-3CAA-45F8-BA9D-A42558FFD9B5}
	EndGlobalSection
EndGlobal
